// !$*UTF8*$!
{
	archiveVersion = 1;
	classes = {
	};
	objectVersion = 50;
	objects = {

/* Begin PBXBuildFile section */
		0318D9C8239B431000643730 /* Grind.swift in Sources */ = {isa = PBXBuildFile; fileRef = 0318D9C7239B431000643730 /* Grind.swift */; };
		0318D9CA239B46F100643730 /* Ingredient.swift in Sources */ = {isa = PBXBuildFile; fileRef = 0318D9C9239B46F100643730 /* Ingredient.swift */; };
		0318D9CC239B4A3900643730 /* Equipment.swift in Sources */ = {isa = PBXBuildFile; fileRef = 0318D9CB239B4A3900643730 /* Equipment.swift */; };
		0318D9CE239B4BC500643730 /* PreparationStep.swift in Sources */ = {isa = PBXBuildFile; fileRef = 0318D9CD239B4BC500643730 /* PreparationStep.swift */; };
		035B0754237F9034004287DB /* data.json in Resources */ = {isa = PBXBuildFile; fileRef = 035B0753237F9034004287DB /* data.json */; };
		035B0756237F904F004287DB /* CoffeeCell.swift in Sources */ = {isa = PBXBuildFile; fileRef = 035B0755237F904F004287DB /* CoffeeCell.swift */; };
		035B0759237F91E9004287DB /* Coffee.swift in Sources */ = {isa = PBXBuildFile; fileRef = 035B0758237F91E9004287DB /* Coffee.swift */; };
		035B075B237F9549004287DB /* CoffeeResponse.swift in Sources */ = {isa = PBXBuildFile; fileRef = 035B075A237F9549004287DB /* CoffeeResponse.swift */; };
		035B075E237F9640004287DB /* LocalDataService.swift in Sources */ = {isa = PBXBuildFile; fileRef = 035B075D237F9640004287DB /* LocalDataService.swift */; };
		158467AB235A99A800D0DAF6 /* AppDelegate.swift in Sources */ = {isa = PBXBuildFile; fileRef = 158467AA235A99A800D0DAF6 /* AppDelegate.swift */; };
		158467AD235A99A800D0DAF6 /* SceneDelegate.swift in Sources */ = {isa = PBXBuildFile; fileRef = 158467AC235A99A800D0DAF6 /* SceneDelegate.swift */; };
		158467AF235A99A800D0DAF6 /* ContentView.swift in Sources */ = {isa = PBXBuildFile; fileRef = 158467AE235A99A800D0DAF6 /* ContentView.swift */; };
		158467B1235A99AC00D0DAF6 /* Assets.xcassets in Resources */ = {isa = PBXBuildFile; fileRef = 158467B0235A99AC00D0DAF6 /* Assets.xcassets */; };
		158467B4235A99AC00D0DAF6 /* Preview Assets.xcassets in Resources */ = {isa = PBXBuildFile; fileRef = 158467B3235A99AC00D0DAF6 /* Preview Assets.xcassets */; };
		158467C2235A99AC00D0DAF6 /* CoffeeKitTests.swift in Sources */ = {isa = PBXBuildFile; fileRef = 158467C1235A99AC00D0DAF6 /* CoffeeKitTests.swift */; };
		2CD8356E2388B63A003B9F6F /* Localizable.strings in Resources */ = {isa = PBXBuildFile; fileRef = 2CD835702388B63A003B9F6F /* Localizable.strings */; };
		7F98AC0823AD9647006A2365 /* CoffeeDiagramView.swift in Sources */ = {isa = PBXBuildFile; fileRef = 7F98AC0723AD9647006A2365 /* CoffeeDiagramView.swift */; };
		7F98AC0A23AD98B0006A2365 /* CoffeeGridView.swift in Sources */ = {isa = PBXBuildFile; fileRef = 7F98AC0923AD98B0006A2365 /* CoffeeGridView.swift */; };
/* End PBXBuildFile section */

/* Begin PBXContainerItemProxy section */
		158467BE235A99AC00D0DAF6 /* PBXContainerItemProxy */ = {
			isa = PBXContainerItemProxy;
			containerPortal = 1584679F235A99A800D0DAF6 /* Project object */;
			proxyType = 1;
			remoteGlobalIDString = 158467A6235A99A800D0DAF6;
			remoteInfo = CoffeeKit;
		};
/* End PBXContainerItemProxy section */

/* Begin PBXFileReference section */
		0318D9C7239B431000643730 /* Grind.swift */ = {isa = PBXFileReference; lastKnownFileType = sourcecode.swift; path = Grind.swift; sourceTree = "<group>"; };
		0318D9C9239B46F100643730 /* Ingredient.swift */ = {isa = PBXFileReference; lastKnownFileType = sourcecode.swift; path = Ingredient.swift; sourceTree = "<group>"; };
		0318D9CB239B4A3900643730 /* Equipment.swift */ = {isa = PBXFileReference; lastKnownFileType = sourcecode.swift; path = Equipment.swift; sourceTree = "<group>"; };
		0318D9CD239B4BC500643730 /* PreparationStep.swift */ = {isa = PBXFileReference; lastKnownFileType = sourcecode.swift; path = PreparationStep.swift; sourceTree = "<group>"; };
		035B0753237F9034004287DB /* data.json */ = {isa = PBXFileReference; fileEncoding = 4; lastKnownFileType = text.json; path = data.json; sourceTree = "<group>"; };
		035B0755237F904F004287DB /* CoffeeCell.swift */ = {isa = PBXFileReference; lastKnownFileType = sourcecode.swift; path = CoffeeCell.swift; sourceTree = "<group>"; };
		035B0758237F91E9004287DB /* Coffee.swift */ = {isa = PBXFileReference; lastKnownFileType = sourcecode.swift; path = Coffee.swift; sourceTree = "<group>"; };
		035B075A237F9549004287DB /* CoffeeResponse.swift */ = {isa = PBXFileReference; lastKnownFileType = sourcecode.swift; path = CoffeeResponse.swift; sourceTree = "<group>"; };
		035B075D237F9640004287DB /* LocalDataService.swift */ = {isa = PBXFileReference; lastKnownFileType = sourcecode.swift; path = LocalDataService.swift; sourceTree = "<group>"; };
		158467A7235A99A800D0DAF6 /* CoffeeKit.app */ = {isa = PBXFileReference; explicitFileType = wrapper.application; includeInIndex = 0; path = CoffeeKit.app; sourceTree = BUILT_PRODUCTS_DIR; };
		158467AA235A99A800D0DAF6 /* AppDelegate.swift */ = {isa = PBXFileReference; lastKnownFileType = sourcecode.swift; path = AppDelegate.swift; sourceTree = "<group>"; };
		158467AC235A99A800D0DAF6 /* SceneDelegate.swift */ = {isa = PBXFileReference; lastKnownFileType = sourcecode.swift; path = SceneDelegate.swift; sourceTree = "<group>"; };
		158467AE235A99A800D0DAF6 /* ContentView.swift */ = {isa = PBXFileReference; lastKnownFileType = sourcecode.swift; path = ContentView.swift; sourceTree = "<group>"; };
		158467B0235A99AC00D0DAF6 /* Assets.xcassets */ = {isa = PBXFileReference; lastKnownFileType = folder.assetcatalog; path = Assets.xcassets; sourceTree = "<group>"; };
		158467B3235A99AC00D0DAF6 /* Preview Assets.xcassets */ = {isa = PBXFileReference; lastKnownFileType = folder.assetcatalog; path = "Preview Assets.xcassets"; sourceTree = "<group>"; };
		158467B6235A99AC00D0DAF6 /* Base */ = {isa = PBXFileReference; lastKnownFileType = file.storyboard; name = Base; path = Base.lproj/LaunchScreen.storyboard; sourceTree = "<group>"; };
		158467B8235A99AC00D0DAF6 /* Info.plist */ = {isa = PBXFileReference; lastKnownFileType = text.plist.xml; path = Info.plist; sourceTree = "<group>"; };
		158467BD235A99AC00D0DAF6 /* CoffeeKitTests.xctest */ = {isa = PBXFileReference; explicitFileType = wrapper.cfbundle; includeInIndex = 0; path = CoffeeKitTests.xctest; sourceTree = BUILT_PRODUCTS_DIR; };
		158467C1235A99AC00D0DAF6 /* CoffeeKitTests.swift */ = {isa = PBXFileReference; lastKnownFileType = sourcecode.swift; path = CoffeeKitTests.swift; sourceTree = "<group>"; };
		158467C3235A99AC00D0DAF6 /* Info.plist */ = {isa = PBXFileReference; lastKnownFileType = text.plist.xml; path = Info.plist; sourceTree = "<group>"; };
		2CD8356F2388B63A003B9F6F /* en */ = {isa = PBXFileReference; lastKnownFileType = text.plist.strings; name = en; path = en.lproj/Localizable.strings; sourceTree = "<group>"; };
		2CD835712388B641003B9F6F /* ko */ = {isa = PBXFileReference; lastKnownFileType = text.plist.strings; name = ko; path = ko.lproj/Localizable.strings; sourceTree = "<group>"; };
		7F98AC0723AD9647006A2365 /* CoffeeDiagramView.swift */ = {isa = PBXFileReference; lastKnownFileType = sourcecode.swift; path = CoffeeDiagramView.swift; sourceTree = "<group>"; };
		7F98AC0923AD98B0006A2365 /* CoffeeGridView.swift */ = {isa = PBXFileReference; lastKnownFileType = sourcecode.swift; path = CoffeeGridView.swift; sourceTree = "<group>"; };
/* End PBXFileReference section */

/* Begin PBXFrameworksBuildPhase section */
		158467A4235A99A800D0DAF6 /* Frameworks */ = {
			isa = PBXFrameworksBuildPhase;
			buildActionMask = 2147483647;
			files = (
			);
			runOnlyForDeploymentPostprocessing = 0;
		};
		158467BA235A99AC00D0DAF6 /* Frameworks */ = {
			isa = PBXFrameworksBuildPhase;
			buildActionMask = 2147483647;
			files = (
			);
			runOnlyForDeploymentPostprocessing = 0;
		};
/* End PBXFrameworksBuildPhase section */

/* Begin PBXGroup section */
		035B074E237F8F0F004287DB /* Views */ = {
			isa = PBXGroup;
			children = (
				158467AE235A99A800D0DAF6 /* ContentView.swift */,
				035B0755237F904F004287DB /* CoffeeCell.swift */,
				7F98AC0723AD9647006A2365 /* CoffeeDiagramView.swift */,
				7F98AC0923AD98B0006A2365 /* CoffeeGridView.swift */,
			);
			path = Views;
			sourceTree = "<group>";
		};
		035B074F237F8F12004287DB /* Models */ = {
			isa = PBXGroup;
			children = (
				035B0758237F91E9004287DB /* Coffee.swift */,
				035B075A237F9549004287DB /* CoffeeResponse.swift */,
				0318D9CB239B4A3900643730 /* Equipment.swift */,
				0318D9C7239B431000643730 /* Grind.swift */,
				0318D9C9239B46F100643730 /* Ingredient.swift */,
				0318D9CD239B4BC500643730 /* PreparationStep.swift */,
			);
			path = Models;
			sourceTree = "<group>";
		};
		035B0750237F8F1E004287DB /* Resources */ = {
			isa = PBXGroup;
			children = (
				035B0753237F9034004287DB /* data.json */,
			);
			path = Resources;
			sourceTree = "<group>";
		};
		035B0757237F910E004287DB /* Delegates */ = {
			isa = PBXGroup;
			children = (
				158467AA235A99A800D0DAF6 /* AppDelegate.swift */,
				158467AC235A99A800D0DAF6 /* SceneDelegate.swift */,
			);
			path = Delegates;
			sourceTree = "<group>";
		};
		035B075C237F9637004287DB /* Services */ = {
			isa = PBXGroup;
			children = (
				035B075D237F9640004287DB /* LocalDataService.swift */,
			);
			path = Services;
			sourceTree = "<group>";
		};
		1584679E235A99A800D0DAF6 = {
			isa = PBXGroup;
			children = (
				158467A9235A99A800D0DAF6 /* CoffeeKit */,
				158467C0235A99AC00D0DAF6 /* CoffeeKitTests */,
				158467A8235A99A800D0DAF6 /* Products */,
			);
			sourceTree = "<group>";
		};
		158467A8235A99A800D0DAF6 /* Products */ = {
			isa = PBXGroup;
			children = (
				158467A7235A99A800D0DAF6 /* CoffeeKit.app */,
				158467BD235A99AC00D0DAF6 /* CoffeeKitTests.xctest */,
			);
			name = Products;
			sourceTree = "<group>";
		};
		158467A9235A99A800D0DAF6 /* CoffeeKit */ = {
			isa = PBXGroup;
			children = (
				035B075C237F9637004287DB /* Services */,
				035B0757237F910E004287DB /* Delegates */,
				035B074F237F8F12004287DB /* Models */,
				035B074E237F8F0F004287DB /* Views */,
				035B0750237F8F1E004287DB /* Resources */,
				158467B0235A99AC00D0DAF6 /* Assets.xcassets */,
				158467B5235A99AC00D0DAF6 /* LaunchScreen.storyboard */,
				158467B8235A99AC00D0DAF6 /* Info.plist */,
				2CD835702388B63A003B9F6F /* Localizable.strings */,
				158467B2235A99AC00D0DAF6 /* Preview Content */,
			);
			path = CoffeeKit;
			sourceTree = "<group>";
		};
		158467B2235A99AC00D0DAF6 /* Preview Content */ = {
			isa = PBXGroup;
			children = (
				158467B3235A99AC00D0DAF6 /* Preview Assets.xcassets */,
			);
			path = "Preview Content";
			sourceTree = "<group>";
		};
		158467C0235A99AC00D0DAF6 /* CoffeeKitTests */ = {
			isa = PBXGroup;
			children = (
				158467C1235A99AC00D0DAF6 /* CoffeeKitTests.swift */,
				158467C3235A99AC00D0DAF6 /* Info.plist */,
			);
			path = CoffeeKitTests;
			sourceTree = "<group>";
		};
/* End PBXGroup section */

/* Begin PBXNativeTarget section */
		158467A6235A99A800D0DAF6 /* CoffeeKit */ = {
			isa = PBXNativeTarget;
			buildConfigurationList = 158467C6235A99AC00D0DAF6 /* Build configuration list for PBXNativeTarget "CoffeeKit" */;
			buildPhases = (
				158467A3235A99A800D0DAF6 /* Sources */,
				158467A4235A99A800D0DAF6 /* Frameworks */,
				158467A5235A99A800D0DAF6 /* Resources */,
				033511D223A4664400CCCC51 /* Run Script (SwiftLint) */,
			);
			buildRules = (
			);
			dependencies = (
			);
			name = CoffeeKit;
			productName = CoffeeKit;
			productReference = 158467A7235A99A800D0DAF6 /* CoffeeKit.app */;
			productType = "com.apple.product-type.application";
		};
		158467BC235A99AC00D0DAF6 /* CoffeeKitTests */ = {
			isa = PBXNativeTarget;
			buildConfigurationList = 158467C9235A99AC00D0DAF6 /* Build configuration list for PBXNativeTarget "CoffeeKitTests" */;
			buildPhases = (
				158467B9235A99AC00D0DAF6 /* Sources */,
				158467BA235A99AC00D0DAF6 /* Frameworks */,
				158467BB235A99AC00D0DAF6 /* Resources */,
			);
			buildRules = (
			);
			dependencies = (
				158467BF235A99AC00D0DAF6 /* PBXTargetDependency */,
			);
			name = CoffeeKitTests;
			productName = CoffeeKitTests;
			productReference = 158467BD235A99AC00D0DAF6 /* CoffeeKitTests.xctest */;
			productType = "com.apple.product-type.bundle.unit-test";
		};
/* End PBXNativeTarget section */

/* Begin PBXProject section */
		1584679F235A99A800D0DAF6 /* Project object */ = {
			isa = PBXProject;
			attributes = {
				LastSwiftUpdateCheck = 1100;
				LastUpgradeCheck = 1100;
				ORGANIZATIONNAME = SwiftPeerLabSydney;
				TargetAttributes = {
					158467A6235A99A800D0DAF6 = {
						CreatedOnToolsVersion = 11.0;
					};
					158467BC235A99AC00D0DAF6 = {
						CreatedOnToolsVersion = 11.0;
						TestTargetID = 158467A6235A99A800D0DAF6;
					};
				};
			};
			buildConfigurationList = 158467A2235A99A800D0DAF6 /* Build configuration list for PBXProject "CoffeeKit" */;
			compatibilityVersion = "Xcode 9.3";
			developmentRegion = en;
			hasScannedForEncodings = 0;
			knownRegions = (
				en,
				Base,
				ko,
			);
			mainGroup = 1584679E235A99A800D0DAF6;
			productRefGroup = 158467A8235A99A800D0DAF6 /* Products */;
			projectDirPath = "";
			projectRoot = "";
			targets = (
				158467A6235A99A800D0DAF6 /* CoffeeKit */,
				158467BC235A99AC00D0DAF6 /* CoffeeKitTests */,
			);
		};
/* End PBXProject section */

/* Begin PBXResourcesBuildPhase section */
		158467A5235A99A800D0DAF6 /* Resources */ = {
			isa = PBXResourcesBuildPhase;
			buildActionMask = 2147483647;
			files = (
				2CD8356E2388B63A003B9F6F /* Localizable.strings in Resources */,
				158467B4235A99AC00D0DAF6 /* Preview Assets.xcassets in Resources */,
				158467B1235A99AC00D0DAF6 /* Assets.xcassets in Resources */,
				035B0754237F9034004287DB /* data.json in Resources */,
			);
			runOnlyForDeploymentPostprocessing = 0;
		};
		158467BB235A99AC00D0DAF6 /* Resources */ = {
			isa = PBXResourcesBuildPhase;
			buildActionMask = 2147483647;
			files = (
			);
			runOnlyForDeploymentPostprocessing = 0;
		};
/* End PBXResourcesBuildPhase section */

/* Begin PBXShellScriptBuildPhase section */
		033511D223A4664400CCCC51 /* Run Script (SwiftLint) */ = {
			isa = PBXShellScriptBuildPhase;
			buildActionMask = 2147483647;
			files = (
			);
			inputFileListPaths = (
			);
			inputPaths = (
			);
			name = "Run Script (SwiftLint)";
			outputFileListPaths = (
			);
			outputPaths = (
			);
			runOnlyForDeploymentPostprocessing = 0;
			shellPath = /bin/sh;
			shellScript = "cd BuildTools\n\n# swift package update\n\nswift run -c release swiftlint --config \"../.swiftlint.yaml\"\n";
		};
/* End PBXShellScriptBuildPhase section */

/* Begin PBXSourcesBuildPhase section */
		158467A3235A99A800D0DAF6 /* Sources */ = {
			isa = PBXSourcesBuildPhase;
			buildActionMask = 2147483647;
			files = (
				158467AB235A99A800D0DAF6 /* AppDelegate.swift in Sources */,
				158467AD235A99A800D0DAF6 /* SceneDelegate.swift in Sources */,
				7F98AC0823AD9647006A2365 /* CoffeeDiagramView.swift in Sources */,
				0318D9CA239B46F100643730 /* Ingredient.swift in Sources */,
				0318D9CE239B4BC500643730 /* PreparationStep.swift in Sources */,
				0318D9C8239B431000643730 /* Grind.swift in Sources */,
				0318D9CC239B4A3900643730 /* Equipment.swift in Sources */,
				158467AF235A99A800D0DAF6 /* ContentView.swift in Sources */,
				035B0756237F904F004287DB /* CoffeeCell.swift in Sources */,
				035B075B237F9549004287DB /* CoffeeResponse.swift in Sources */,
				035B075E237F9640004287DB /* LocalDataService.swift in Sources */,
				035B0759237F91E9004287DB /* Coffee.swift in Sources */,
				7F98AC0A23AD98B0006A2365 /* CoffeeGridView.swift in Sources */,
			);
			runOnlyForDeploymentPostprocessing = 0;
		};
		158467B9235A99AC00D0DAF6 /* Sources */ = {
			isa = PBXSourcesBuildPhase;
			buildActionMask = 2147483647;
			files = (
				158467C2235A99AC00D0DAF6 /* CoffeeKitTests.swift in Sources */,
			);
			runOnlyForDeploymentPostprocessing = 0;
		};
/* End PBXSourcesBuildPhase section */

/* Begin PBXTargetDependency section */
		158467BF235A99AC00D0DAF6 /* PBXTargetDependency */ = {
			isa = PBXTargetDependency;
			target = 158467A6235A99A800D0DAF6 /* CoffeeKit */;
			targetProxy = 158467BE235A99AC00D0DAF6 /* PBXContainerItemProxy */;
		};
/* End PBXTargetDependency section */

/* Begin PBXVariantGroup section */
		158467B5235A99AC00D0DAF6 /* LaunchScreen.storyboard */ = {
			isa = PBXVariantGroup;
			children = (
				158467B6235A99AC00D0DAF6 /* Base */,
			);
			name = LaunchScreen.storyboard;
			sourceTree = "<group>";
		};
		2CD835702388B63A003B9F6F /* Localizable.strings */ = {
			isa = PBXVariantGroup;
			children = (
				2CD8356F2388B63A003B9F6F /* en */,
				2CD835712388B641003B9F6F /* ko */,
			);
			name = Localizable.strings;
			sourceTree = "<group>";
		};
/* End PBXVariantGroup section */

/* Begin XCBuildConfiguration section */
		158467C4235A99AC00D0DAF6 /* Debug */ = {
			isa = XCBuildConfiguration;
			buildSettings = {
				ALWAYS_SEARCH_USER_PATHS = NO;
				CLANG_ANALYZER_LOCALIZABILITY_NONLOCALIZED = YES;
				CLANG_ANALYZER_NONNULL = YES;
				CLANG_ANALYZER_NUMBER_OBJECT_CONVERSION = YES_AGGRESSIVE;
				CLANG_CXX_LANGUAGE_STANDARD = "gnu++14";
				CLANG_CXX_LIBRARY = "libc++";
				CLANG_ENABLE_MODULES = YES;
				CLANG_ENABLE_OBJC_ARC = YES;
				CLANG_ENABLE_OBJC_WEAK = YES;
				CLANG_WARN_BLOCK_CAPTURE_AUTORELEASING = YES;
				CLANG_WARN_BOOL_CONVERSION = YES;
				CLANG_WARN_COMMA = YES;
				CLANG_WARN_CONSTANT_CONVERSION = YES;
				CLANG_WARN_DEPRECATED_OBJC_IMPLEMENTATIONS = YES;
				CLANG_WARN_DIRECT_OBJC_ISA_USAGE = YES_ERROR;
				CLANG_WARN_DOCUMENTATION_COMMENTS = YES;
				CLANG_WARN_EMPTY_BODY = YES;
				CLANG_WARN_ENUM_CONVERSION = YES;
				CLANG_WARN_INFINITE_RECURSION = YES;
				CLANG_WARN_INT_CONVERSION = YES;
				CLANG_WARN_NON_LITERAL_NULL_CONVERSION = YES;
				CLANG_WARN_OBJC_IMPLICIT_RETAIN_SELF = YES;
				CLANG_WARN_OBJC_LITERAL_CONVERSION = YES;
				CLANG_WARN_OBJC_ROOT_CLASS = YES_ERROR;
				CLANG_WARN_RANGE_LOOP_ANALYSIS = YES;
				CLANG_WARN_STRICT_PROTOTYPES = YES;
				CLANG_WARN_SUSPICIOUS_MOVE = YES;
				CLANG_WARN_UNGUARDED_AVAILABILITY = YES_AGGRESSIVE;
				CLANG_WARN_UNREACHABLE_CODE = YES;
				CLANG_WARN__DUPLICATE_METHOD_MATCH = YES;
				COPY_PHASE_STRIP = NO;
				DEBUG_INFORMATION_FORMAT = dwarf;
				ENABLE_STRICT_OBJC_MSGSEND = YES;
				ENABLE_TESTABILITY = YES;
				GCC_C_LANGUAGE_STANDARD = gnu11;
				GCC_DYNAMIC_NO_PIC = NO;
				GCC_NO_COMMON_BLOCKS = YES;
				GCC_OPTIMIZATION_LEVEL = 0;
				GCC_PREPROCESSOR_DEFINITIONS = (
					"DEBUG=1",
					"$(inherited)",
				);
				GCC_WARN_64_TO_32_BIT_CONVERSION = YES;
				GCC_WARN_ABOUT_RETURN_TYPE = YES_ERROR;
				GCC_WARN_UNDECLARED_SELECTOR = YES;
				GCC_WARN_UNINITIALIZED_AUTOS = YES_AGGRESSIVE;
				GCC_WARN_UNUSED_FUNCTION = YES;
				GCC_WARN_UNUSED_VARIABLE = YES;
				IPHONEOS_DEPLOYMENT_TARGET = 13.0;
				MTL_ENABLE_DEBUG_INFO = INCLUDE_SOURCE;
				MTL_FAST_MATH = YES;
				ONLY_ACTIVE_ARCH = YES;
				SDKROOT = iphoneos;
				SWIFT_ACTIVE_COMPILATION_CONDITIONS = DEBUG;
				SWIFT_OPTIMIZATION_LEVEL = "-Onone";
			};
			name = Debug;
		};
		158467C5235A99AC00D0DAF6 /* Release */ = {
			isa = XCBuildConfiguration;
			buildSettings = {
				ALWAYS_SEARCH_USER_PATHS = NO;
				CLANG_ANALYZER_LOCALIZABILITY_NONLOCALIZED = YES;
				CLANG_ANALYZER_NONNULL = YES;
				CLANG_ANALYZER_NUMBER_OBJECT_CONVERSION = YES_AGGRESSIVE;
				CLANG_CXX_LANGUAGE_STANDARD = "gnu++14";
				CLANG_CXX_LIBRARY = "libc++";
				CLANG_ENABLE_MODULES = YES;
				CLANG_ENABLE_OBJC_ARC = YES;
				CLANG_ENABLE_OBJC_WEAK = YES;
				CLANG_WARN_BLOCK_CAPTURE_AUTORELEASING = YES;
				CLANG_WARN_BOOL_CONVERSION = YES;
				CLANG_WARN_COMMA = YES;
				CLANG_WARN_CONSTANT_CONVERSION = YES;
				CLANG_WARN_DEPRECATED_OBJC_IMPLEMENTATIONS = YES;
				CLANG_WARN_DIRECT_OBJC_ISA_USAGE = YES_ERROR;
				CLANG_WARN_DOCUMENTATION_COMMENTS = YES;
				CLANG_WARN_EMPTY_BODY = YES;
				CLANG_WARN_ENUM_CONVERSION = YES;
				CLANG_WARN_INFINITE_RECURSION = YES;
				CLANG_WARN_INT_CONVERSION = YES;
				CLANG_WARN_NON_LITERAL_NULL_CONVERSION = YES;
				CLANG_WARN_OBJC_IMPLICIT_RETAIN_SELF = YES;
				CLANG_WARN_OBJC_LITERAL_CONVERSION = YES;
				CLANG_WARN_OBJC_ROOT_CLASS = YES_ERROR;
				CLANG_WARN_RANGE_LOOP_ANALYSIS = YES;
				CLANG_WARN_STRICT_PROTOTYPES = YES;
				CLANG_WARN_SUSPICIOUS_MOVE = YES;
				CLANG_WARN_UNGUARDED_AVAILABILITY = YES_AGGRESSIVE;
				CLANG_WARN_UNREACHABLE_CODE = YES;
				CLANG_WARN__DUPLICATE_METHOD_MATCH = YES;
				COPY_PHASE_STRIP = NO;
				DEBUG_INFORMATION_FORMAT = "dwarf-with-dsym";
				ENABLE_NS_ASSERTIONS = NO;
				ENABLE_STRICT_OBJC_MSGSEND = YES;
				GCC_C_LANGUAGE_STANDARD = gnu11;
				GCC_NO_COMMON_BLOCKS = YES;
				GCC_WARN_64_TO_32_BIT_CONVERSION = YES;
				GCC_WARN_ABOUT_RETURN_TYPE = YES_ERROR;
				GCC_WARN_UNDECLARED_SELECTOR = YES;
				GCC_WARN_UNINITIALIZED_AUTOS = YES_AGGRESSIVE;
				GCC_WARN_UNUSED_FUNCTION = YES;
				GCC_WARN_UNUSED_VARIABLE = YES;
				IPHONEOS_DEPLOYMENT_TARGET = 13.0;
				MTL_ENABLE_DEBUG_INFO = NO;
				MTL_FAST_MATH = YES;
				SDKROOT = iphoneos;
				SWIFT_COMPILATION_MODE = wholemodule;
				SWIFT_OPTIMIZATION_LEVEL = "-O";
				VALIDATE_PRODUCT = YES;
			};
			name = Release;
		};
		158467C7235A99AC00D0DAF6 /* Debug */ = {
			isa = XCBuildConfiguration;
			buildSettings = {
				ASSETCATALOG_COMPILER_APPICON_NAME = AppIcon;
				CODE_SIGN_STYLE = Manual;
				DEVELOPMENT_ASSET_PATHS = "\"CoffeeKit/Preview Content\"";
				DEVELOPMENT_TEAM = "";
				ENABLE_PREVIEWS = YES;
				INFOPLIST_FILE = CoffeeKit/Info.plist;
				LD_RUNPATH_SEARCH_PATHS = (
					"$(inherited)",
					"@executable_path/Frameworks",
				);
				PRODUCT_BUNDLE_IDENTIFIER = swiftpeerlabsydney.coffekit.ios;
				PRODUCT_NAME = "$(TARGET_NAME)";
				PROVISIONING_PROFILE_SPECIFIER = "";
				SWIFT_VERSION = 5.0;
				TARGETED_DEVICE_FAMILY = "1,2";
			};
			name = Debug;
		};
		158467C8235A99AC00D0DAF6 /* Release */ = {
			isa = XCBuildConfiguration;
			buildSettings = {
				ASSETCATALOG_COMPILER_APPICON_NAME = AppIcon;
				CODE_SIGN_STYLE = Manual;
				DEVELOPMENT_ASSET_PATHS = "\"CoffeeKit/Preview Content\"";
				DEVELOPMENT_TEAM = "";
				ENABLE_PREVIEWS = YES;
				INFOPLIST_FILE = CoffeeKit/Info.plist;
				LD_RUNPATH_SEARCH_PATHS = (
					"$(inherited)",
					"@executable_path/Frameworks",
				);
				PRODUCT_BUNDLE_IDENTIFIER = swiftpeerlabsydney.coffekit.ios;
				PRODUCT_NAME = "$(TARGET_NAME)";
				PROVISIONING_PROFILE_SPECIFIER = "";
				SWIFT_VERSION = 5.0;
				TARGETED_DEVICE_FAMILY = "1,2";
			};
			name = Release;
		};
		158467CA235A99AC00D0DAF6 /* Debug */ = {
			isa = XCBuildConfiguration;
			buildSettings = {
				ALWAYS_EMBED_SWIFT_STANDARD_LIBRARIES = YES;
				BUNDLE_LOADER = "$(TEST_HOST)";
				CODE_SIGN_STYLE = Automatic;
				INFOPLIST_FILE = CoffeeKitTests/Info.plist;
				IPHONEOS_DEPLOYMENT_TARGET = 13.0;
				LD_RUNPATH_SEARCH_PATHS = (
					"$(inherited)",
					"@executable_path/Frameworks",
					"@loader_path/Frameworks",
				);
				PRODUCT_BUNDLE_IDENTIFIER = swiftpeerlabsydney.CoffeeKitTests;
				PRODUCT_NAME = "$(TARGET_NAME)";
				SWIFT_VERSION = 5.0;
				TARGETED_DEVICE_FAMILY = "1,2";
				TEST_HOST = "$(BUILT_PRODUCTS_DIR)/CoffeeKit.app/CoffeeKit";
			};
			name = Debug;
		};
		158467CB235A99AC00D0DAF6 /* Release */ = {
			isa = XCBuildConfiguration;
			buildSettings = {
				ALWAYS_EMBED_SWIFT_STANDARD_LIBRARIES = YES;
				BUNDLE_LOADER = "$(TEST_HOST)";
				CODE_SIGN_STYLE = Automatic;
				INFOPLIST_FILE = CoffeeKitTests/Info.plist;
				IPHONEOS_DEPLOYMENT_TARGET = 13.0;
				LD_RUNPATH_SEARCH_PATHS = (
					"$(inherited)",
					"@executable_path/Frameworks",
					"@loader_path/Frameworks",
				);
				PRODUCT_BUNDLE_IDENTIFIER = swiftpeerlabsydney.CoffeeKitTests;
				PRODUCT_NAME = "$(TARGET_NAME)";
				SWIFT_VERSION = 5.0;
				TARGETED_DEVICE_FAMILY = "1,2";
				TEST_HOST = "$(BUILT_PRODUCTS_DIR)/CoffeeKit.app/CoffeeKit";
			};
			name = Release;
		};
/* End XCBuildConfiguration section */

/* Begin XCConfigurationList section */
		158467A2235A99A800D0DAF6 /* Build configuration list for PBXProject "CoffeeKit" */ = {
			isa = XCConfigurationList;
			buildConfigurations = (
				158467C4235A99AC00D0DAF6 /* Debug */,
				158467C5235A99AC00D0DAF6 /* Release */,
			);
			defaultConfigurationIsVisible = 0;
			defaultConfigurationName = Release;
		};
		158467C6235A99AC00D0DAF6 /* Build configuration list for PBXNativeTarget "CoffeeKit" */ = {
			isa = XCConfigurationList;
			buildConfigurations = (
				158467C7235A99AC00D0DAF6 /* Debug */,
				158467C8235A99AC00D0DAF6 /* Release */,
			);
			defaultConfigurationIsVisible = 0;
			defaultConfigurationName = Release;
		};
		158467C9235A99AC00D0DAF6 /* Build configuration list for PBXNativeTarget "CoffeeKitTests" */ = {
			isa = XCConfigurationList;
			buildConfigurations = (
				158467CA235A99AC00D0DAF6 /* Debug */,
				158467CB235A99AC00D0DAF6 /* Release */,
			);
			defaultConfigurationIsVisible = 0;
			defaultConfigurationName = Release;
		};
/* End XCConfigurationList section */
	};
	rootObject = 1584679F235A99A800D0DAF6 /* Project object */;
}
